// !$*UTF8*$!
{
	archiveVersion = 1;
	classes = {
	};
	objectVersion = 50;
	objects = {

/* Begin PBXBuildFile section */
		655E93EE2435DCA300FD9956 /* AppDelegate.swift in Sources */ = {isa = PBXBuildFile; fileRef = 655E93ED2435DCA300FD9956 /* AppDelegate.swift */; };
		655E93F02435DCA300FD9956 /* SceneDelegate.swift in Sources */ = {isa = PBXBuildFile; fileRef = 655E93EF2435DCA300FD9956 /* SceneDelegate.swift */; };
		655E93F22435DCA300FD9956 /* ViewController.swift in Sources */ = {isa = PBXBuildFile; fileRef = 655E93F12435DCA300FD9956 /* ViewController.swift */; };
		655E93F52435DCA300FD9956 /* Main.storyboard in Resources */ = {isa = PBXBuildFile; fileRef = 655E93F32435DCA300FD9956 /* Main.storyboard */; };
		655E93F72435DCA400FD9956 /* Assets.xcassets in Resources */ = {isa = PBXBuildFile; fileRef = 655E93F62435DCA400FD9956 /* Assets.xcassets */; };
		655E93FA2435DCA400FD9956 /* LaunchScreen.storyboard in Resources */ = {isa = PBXBuildFile; fileRef = 655E93F82435DCA400FD9956 /* LaunchScreen.storyboard */; };
		655E94082435DCCB00FD9956 /* unittest_sample_calculatorTests.swift in Sources */ = {isa = PBXBuildFile; fileRef = 655E94072435DCCB00FD9956 /* unittest_sample_calculatorTests.swift */; };
/* End PBXBuildFile section */

/* Begin PBXContainerItemProxy section */
		655E940A2435DCCB00FD9956 /* PBXContainerItemProxy */ = {
			isa = PBXContainerItemProxy;
			containerPortal = 655E93E22435DCA300FD9956 /* Project object */;
			proxyType = 1;
			remoteGlobalIDString = 655E93E92435DCA300FD9956;
			remoteInfo = "unittest-sample-calculator";
		};
/* End PBXContainerItemProxy section */

/* Begin PBXFileReference section */
		655E93EA2435DCA300FD9956 /* unittest-sample-calculator.app */ = {isa = PBXFileReference; explicitFileType = wrapper.application; includeInIndex = 0; path = "unittest-sample-calculator.app"; sourceTree = BUILT_PRODUCTS_DIR; };
		655E93ED2435DCA300FD9956 /* AppDelegate.swift */ = {isa = PBXFileReference; lastKnownFileType = sourcecode.swift; path = AppDelegate.swift; sourceTree = "<group>"; };
		655E93EF2435DCA300FD9956 /* SceneDelegate.swift */ = {isa = PBXFileReference; lastKnownFileType = sourcecode.swift; path = SceneDelegate.swift; sourceTree = "<group>"; };
		655E93F12435DCA300FD9956 /* ViewController.swift */ = {isa = PBXFileReference; lastKnownFileType = sourcecode.swift; path = ViewController.swift; sourceTree = "<group>"; };
		655E93F42435DCA300FD9956 /* Base */ = {isa = PBXFileReference; lastKnownFileType = file.storyboard; name = Base; path = Base.lproj/Main.storyboard; sourceTree = "<group>"; };
		655E93F62435DCA400FD9956 /* Assets.xcassets */ = {isa = PBXFileReference; lastKnownFileType = folder.assetcatalog; path = Assets.xcassets; sourceTree = "<group>"; };
		655E93F92435DCA400FD9956 /* Base */ = {isa = PBXFileReference; lastKnownFileType = file.storyboard; name = Base; path = Base.lproj/LaunchScreen.storyboard; sourceTree = "<group>"; };
		655E93FB2435DCA400FD9956 /* Info.plist */ = {isa = PBXFileReference; lastKnownFileType = text.plist.xml; path = Info.plist; sourceTree = "<group>"; };
		655E94052435DCCB00FD9956 /* unittest-sample-calculatorTests.xctest */ = {isa = PBXFileReference; explicitFileType = wrapper.cfbundle; includeInIndex = 0; path = "unittest-sample-calculatorTests.xctest"; sourceTree = BUILT_PRODUCTS_DIR; };
		655E94072435DCCB00FD9956 /* unittest_sample_calculatorTests.swift */ = {isa = PBXFileReference; lastKnownFileType = sourcecode.swift; path = unittest_sample_calculatorTests.swift; sourceTree = "<group>"; };
		655E94092435DCCB00FD9956 /* Info.plist */ = {isa = PBXFileReference; lastKnownFileType = text.plist.xml; path = Info.plist; sourceTree = "<group>"; };
/* End PBXFileReference section */

/* Begin PBXFrameworksBuildPhase section */
		655E93E72435DCA300FD9956 /* Frameworks */ = {
			isa = PBXFrameworksBuildPhase;
			buildActionMask = 2147483647;
			files = (
			);
			runOnlyForDeploymentPostprocessing = 0;
		};
		655E94022435DCCB00FD9956 /* Frameworks */ = {
			isa = PBXFrameworksBuildPhase;
			buildActionMask = 2147483647;
			files = (
			);
			runOnlyForDeploymentPostprocessing = 0;
		};
/* End PBXFrameworksBuildPhase section */

/* Begin PBXGroup section */
		655E93E12435DCA300FD9956 = {
			isa = PBXGroup;
			children = (
				655E93EC2435DCA300FD9956 /* unittest-sample-calculator */,
				655E94062435DCCB00FD9956 /* unittest-sample-calculatorTests */,
				655E93EB2435DCA300FD9956 /* Products */,
			);
			sourceTree = "<group>";
		};
		655E93EB2435DCA300FD9956 /* Products */ = {
			isa = PBXGroup;
			children = (
				655E93EA2435DCA300FD9956 /* unittest-sample-calculator.app */,
				655E94052435DCCB00FD9956 /* unittest-sample-calculatorTests.xctest */,
			);
			name = Products;
			sourceTree = "<group>";
		};
		655E93EC2435DCA300FD9956 /* unittest-sample-calculator */ = {
			isa = PBXGroup;
			children = (
				655E93ED2435DCA300FD9956 /* AppDelegate.swift */,
				655E93EF2435DCA300FD9956 /* SceneDelegate.swift */,
				655E93F12435DCA300FD9956 /* ViewController.swift */,
				655E93F32435DCA300FD9956 /* Main.storyboard */,
				655E93F62435DCA400FD9956 /* Assets.xcassets */,
				655E93F82435DCA400FD9956 /* LaunchScreen.storyboard */,
				655E93FB2435DCA400FD9956 /* Info.plist */,
			);
			path = "unittest-sample-calculator";
			sourceTree = "<group>";
		};
		655E94062435DCCB00FD9956 /* unittest-sample-calculatorTests */ = {
			isa = PBXGroup;
			children = (
				655E94072435DCCB00FD9956 /* unittest_sample_calculatorTests.swift */,
				655E94092435DCCB00FD9956 /* Info.plist */,
			);
			path = "unittest-sample-calculatorTests";
			sourceTree = "<group>";
		};
/* End PBXGroup section */

/* Begin PBXNativeTarget section */
		655E93E92435DCA300FD9956 /* unittest-sample-calculator */ = {
			isa = PBXNativeTarget;
			buildConfigurationList = 655E93FE2435DCA400FD9956 /* Build configuration list for PBXNativeTarget "unittest-sample-calculator" */;
			buildPhases = (
				655E93E62435DCA300FD9956 /* Sources */,
				655E93E72435DCA300FD9956 /* Frameworks */,
				655E93E82435DCA300FD9956 /* Resources */,
			);
			buildRules = (
			);
			dependencies = (
			);
			name = "unittest-sample-calculator";
			productName = "unittest-sample-calculator";
			productReference = 655E93EA2435DCA300FD9956 /* unittest-sample-calculator.app */;
			productType = "com.apple.product-type.application";
		};
		655E94042435DCCB00FD9956 /* unittest-sample-calculatorTests */ = {
			isa = PBXNativeTarget;
			buildConfigurationList = 655E940C2435DCCB00FD9956 /* Build configuration list for PBXNativeTarget "unittest-sample-calculatorTests" */;
			buildPhases = (
				655E94012435DCCB00FD9956 /* Sources */,
				655E94022435DCCB00FD9956 /* Frameworks */,
				655E94032435DCCB00FD9956 /* Resources */,
			);
			buildRules = (
			);
			dependencies = (
				655E940B2435DCCB00FD9956 /* PBXTargetDependency */,
			);
			name = "unittest-sample-calculatorTests";
			productName = "unittest-sample-calculatorTests";
			productReference = 655E94052435DCCB00FD9956 /* unittest-sample-calculatorTests.xctest */;
			productType = "com.apple.product-type.bundle.unit-test";
		};
/* End PBXNativeTarget section */

/* Begin PBXProject section */
		655E93E22435DCA300FD9956 /* Project object */ = {
			isa = PBXProject;
			attributes = {
				LastSwiftUpdateCheck = 1140;
				LastUpgradeCheck = 1140;
				ORGANIZATIONNAME = "JONGWOO JIN";
				TargetAttributes = {
					655E93E92435DCA300FD9956 = {
						CreatedOnToolsVersion = 11.4;
					};
					655E94042435DCCB00FD9956 = {
						CreatedOnToolsVersion = 11.4;
						TestTargetID = 655E93E92435DCA300FD9956;
					};
				};
			};
			buildConfigurationList = 655E93E52435DCA300FD9956 /* Build configuration list for PBXProject "unittest-sample-calculator" */;
			compatibilityVersion = "Xcode 9.3";
			developmentRegion = en;
			hasScannedForEncodings = 0;
			knownRegions = (
				en,
				Base,
			);
			mainGroup = 655E93E12435DCA300FD9956;
			productRefGroup = 655E93EB2435DCA300FD9956 /* Products */;
			projectDirPath = "";
			projectRoot = "";
			targets = (
				655E93E92435DCA300FD9956 /* unittest-sample-calculator */,
				655E94042435DCCB00FD9956 /* unittest-sample-calculatorTests */,
			);
		};
/* End PBXProject section */

/* Begin PBXResourcesBuildPhase section */
		655E93E82435DCA300FD9956 /* Resources */ = {
			isa = PBXResourcesBuildPhase;
			buildActionMask = 2147483647;
			files = (
				655E93FA2435DCA400FD9956 /* LaunchScreen.storyboard in Resources */,
				655E93F72435DCA400FD9956 /* Assets.xcassets in Resources */,
				655E93F52435DCA300FD9956 /* Main.storyboard in Resources */,
			);
			runOnlyForDeploymentPostprocessing = 0;
		};
		655E94032435DCCB00FD9956 /* Resources */ = {
			isa = PBXResourcesBuildPhase;
			buildActionMask = 2147483647;
			files = (
			);
			runOnlyForDeploymentPostprocessing = 0;
		};
/* End PBXResourcesBuildPhase section */

/* Begin PBXSourcesBuildPhase section */
		655E93E62435DCA300FD9956 /* Sources */ = {
			isa = PBXSourcesBuildPhase;
			buildActionMask = 2147483647;
			files = (
				655E93F22435DCA300FD9956 /* ViewController.swift in Sources */,
				655E93EE2435DCA300FD9956 /* AppDelegate.swift in Sources */,
				655E93F02435DCA300FD9956 /* SceneDelegate.swift in Sources */,
			);
			runOnlyForDeploymentPostprocessing = 0;
		};
		655E94012435DCCB00FD9956 /* Sources */ = {
			isa = PBXSourcesBuildPhase;
			buildActionMask = 2147483647;
			files = (
				655E94082435DCCB00FD9956 /* unittest_sample_calculatorTests.swift in Sources */,
			);
			runOnlyForDeploymentPostprocessing = 0;
		};
/* End PBXSourcesBuildPhase section */

/* Begin PBXTargetDependency section */
		655E940B2435DCCB00FD9956 /* PBXTargetDependency */ = {
			isa = PBXTargetDependency;
			target = 655E93E92435DCA300FD9956 /* unittest-sample-calculator */;
			targetProxy = 655E940A2435DCCB00FD9956 /* PBXContainerItemProxy */;
		};
/* End PBXTargetDependency section */

/* Begin PBXVariantGroup section */
		655E93F32435DCA300FD9956 /* Main.storyboard */ = {
			isa = PBXVariantGroup;
			children = (
				655E93F42435DCA300FD9956 /* Base */,
			);
			name = Main.storyboard;
			sourceTree = "<group>";
		};
		655E93F82435DCA400FD9956 /* LaunchScreen.storyboard */ = {
			isa = PBXVariantGroup;
			children = (
				655E93F92435DCA400FD9956 /* Base */,
			);
			name = LaunchScreen.storyboard;
			sourceTree = "<group>";
		};
/* End PBXVariantGroup section */

/* Begin XCBuildConfiguration section */
		655E93FC2435DCA400FD9956 /* Debug */ = {
			isa = XCBuildConfiguration;
			buildSettings = {
				ALWAYS_SEARCH_USER_PATHS = NO;
				CLANG_ANALYZER_NONNULL = YES;
				CLANG_ANALYZER_NUMBER_OBJECT_CONVERSION = YES_AGGRESSIVE;
				CLANG_CXX_LANGUAGE_STANDARD = "gnu++14";
				CLANG_CXX_LIBRARY = "libc++";
				CLANG_ENABLE_MODULES = YES;
				CLANG_ENABLE_OBJC_ARC = YES;
				CLANG_ENABLE_OBJC_WEAK = YES;
				CLANG_WARN_BLOCK_CAPTURE_AUTORELEASING = YES;
				CLANG_WARN_BOOL_CONVERSION = YES;
				CLANG_WARN_COMMA = YES;
				CLANG_WARN_CONSTANT_CONVERSION = YES;
				CLANG_WARN_DEPRECATED_OBJC_IMPLEMENTATIONS = YES;
				CLANG_WARN_DIRECT_OBJC_ISA_USAGE = YES_ERROR;
				CLANG_WARN_DOCUMENTATION_COMMENTS = YES;
				CLANG_WARN_EMPTY_BODY = YES;
				CLANG_WARN_ENUM_CONVERSION = YES;
				CLANG_WARN_INFINITE_RECURSION = YES;
				CLANG_WARN_INT_CONVERSION = YES;
				CLANG_WARN_NON_LITERAL_NULL_CONVERSION = YES;
				CLANG_WARN_OBJC_IMPLICIT_RETAIN_SELF = YES;
				CLANG_WARN_OBJC_LITERAL_CONVERSION = YES;
				CLANG_WARN_OBJC_ROOT_CLASS = YES_ERROR;
				CLANG_WARN_RANGE_LOOP_ANALYSIS = YES;
				CLANG_WARN_STRICT_PROTOTYPES = YES;
				CLANG_WARN_SUSPICIOUS_MOVE = YES;
				CLANG_WARN_UNGUARDED_AVAILABILITY = YES_AGGRESSIVE;
				CLANG_WARN_UNREACHABLE_CODE = YES;
				CLANG_WARN__DUPLICATE_METHOD_MATCH = YES;
				COPY_PHASE_STRIP = NO;
				DEBUG_INFORMATION_FORMAT = dwarf;
				ENABLE_STRICT_OBJC_MSGSEND = YES;
				ENABLE_TESTABILITY = YES;
				GCC_C_LANGUAGE_STANDARD = gnu11;
				GCC_DYNAMIC_NO_PIC = NO;
				GCC_NO_COMMON_BLOCKS = YES;
				GCC_OPTIMIZATION_LEVEL = 0;
				GCC_PREPROCESSOR_DEFINITIONS = (
					"DEBUG=1",
					"$(inherited)",
				);
				GCC_WARN_64_TO_32_BIT_CONVERSION = YES;
				GCC_WARN_ABOUT_RETURN_TYPE = YES_ERROR;
				GCC_WARN_UNDECLARED_SELECTOR = YES;
				GCC_WARN_UNINITIALIZED_AUTOS = YES_AGGRESSIVE;
				GCC_WARN_UNUSED_FUNCTION = YES;
				GCC_WARN_UNUSED_VARIABLE = YES;
				IPHONEOS_DEPLOYMENT_TARGET = 13.4;
				MTL_ENABLE_DEBUG_INFO = INCLUDE_SOURCE;
				MTL_FAST_MATH = YES;
				ONLY_ACTIVE_ARCH = YES;
				SDKROOT = iphoneos;
				SWIFT_ACTIVE_COMPILATION_CONDITIONS = DEBUG;
				SWIFT_OPTIMIZATION_LEVEL = "-Onone";
			};
			name = Debug;
		};
		655E93FD2435DCA400FD9956 /* Release */ = {
			isa = XCBuildConfiguration;
			buildSettings = {
				ALWAYS_SEARCH_USER_PATHS = NO;
				CLANG_ANALYZER_NONNULL = YES;
				CLANG_ANALYZER_NUMBER_OBJECT_CONVERSION = YES_AGGRESSIVE;
				CLANG_CXX_LANGUAGE_STANDARD = "gnu++14";
				CLANG_CXX_LIBRARY = "libc++";
				CLANG_ENABLE_MODULES = YES;
				CLANG_ENABLE_OBJC_ARC = YES;
				CLANG_ENABLE_OBJC_WEAK = YES;
				CLANG_WARN_BLOCK_CAPTURE_AUTORELEASING = YES;
				CLANG_WARN_BOOL_CONVERSION = YES;
				CLANG_WARN_COMMA = YES;
				CLANG_WARN_CONSTANT_CONVERSION = YES;
				CLANG_WARN_DEPRECATED_OBJC_IMPLEMENTATIONS = YES;
				CLANG_WARN_DIRECT_OBJC_ISA_USAGE = YES_ERROR;
				CLANG_WARN_DOCUMENTATION_COMMENTS = YES;
				CLANG_WARN_EMPTY_BODY = YES;
				CLANG_WARN_ENUM_CONVERSION = YES;
				CLANG_WARN_INFINITE_RECURSION = YES;
				CLANG_WARN_INT_CONVERSION = YES;
				CLANG_WARN_NON_LITERAL_NULL_CONVERSION = YES;
				CLANG_WARN_OBJC_IMPLICIT_RETAIN_SELF = YES;
				CLANG_WARN_OBJC_LITERAL_CONVERSION = YES;
				CLANG_WARN_OBJC_ROOT_CLASS = YES_ERROR;
				CLANG_WARN_RANGE_LOOP_ANALYSIS = YES;
				CLANG_WARN_STRICT_PROTOTYPES = YES;
				CLANG_WARN_SUSPICIOUS_MOVE = YES;
				CLANG_WARN_UNGUARDED_AVAILABILITY = YES_AGGRESSIVE;
				CLANG_WARN_UNREACHABLE_CODE = YES;
				CLANG_WARN__DUPLICATE_METHOD_MATCH = YES;
				COPY_PHASE_STRIP = NO;
				DEBUG_INFORMATION_FORMAT = "dwarf-with-dsym";
				ENABLE_NS_ASSERTIONS = NO;
				ENABLE_STRICT_OBJC_MSGSEND = YES;
				GCC_C_LANGUAGE_STANDARD = gnu11;
				GCC_NO_COMMON_BLOCKS = YES;
				GCC_WARN_64_TO_32_BIT_CONVERSION = YES;
				GCC_WARN_ABOUT_RETURN_TYPE = YES_ERROR;
				GCC_WARN_UNDECLARED_SELECTOR = YES;
				GCC_WARN_UNINITIALIZED_AUTOS = YES_AGGRESSIVE;
				GCC_WARN_UNUSED_FUNCTION = YES;
				GCC_WARN_UNUSED_VARIABLE = YES;
				IPHONEOS_DEPLOYMENT_TARGET = 13.4;
				MTL_ENABLE_DEBUG_INFO = NO;
				MTL_FAST_MATH = YES;
				SDKROOT = iphoneos;
				SWIFT_COMPILATION_MODE = wholemodule;
				SWIFT_OPTIMIZATION_LEVEL = "-O";
				VALIDATE_PRODUCT = YES;
			};
			name = Release;
		};
		655E93FF2435DCA400FD9956 /* Debug */ = {
			isa = XCBuildConfiguration;
			buildSettings = {
				ASSETCATALOG_COMPILER_APPICON_NAME = AppIcon;
				CODE_SIGN_STYLE = Automatic;
				DEVELOPMENT_TEAM = 2822CJ3WHD;
				INFOPLIST_FILE = "unittest-sample-calculator/Info.plist";
				LD_RUNPATH_SEARCH_PATHS = (
					"$(inherited)",
					"@executable_path/Frameworks",
				);
				PRODUCT_BUNDLE_IDENTIFIER = "a1824jj.unittest-sample-calculator";
				PRODUCT_NAME = "$(TARGET_NAME)";
				SWIFT_VERSION = 5.0;
				TARGETED_DEVICE_FAMILY = "1,2";
			};
			name = Debug;
		};
		655E94002435DCA400FD9956 /* Release */ = {
			isa = XCBuildConfiguration;
			buildSettings = {
				ASSETCATALOG_COMPILER_APPICON_NAME = AppIcon;
				CODE_SIGN_STYLE = Automatic;
				DEVELOPMENT_TEAM = 2822CJ3WHD;
				INFOPLIST_FILE = "unittest-sample-calculator/Info.plist";
				LD_RUNPATH_SEARCH_PATHS = (
					"$(inherited)",
					"@executable_path/Frameworks",
				);
				PRODUCT_BUNDLE_IDENTIFIER = "a1824jj.unittest-sample-calculator";
				PRODUCT_NAME = "$(TARGET_NAME)";
				SWIFT_VERSION = 5.0;
				TARGETED_DEVICE_FAMILY = "1,2";
			};
			name = Release;
		};
		655E940D2435DCCB00FD9956 /* Debug */ = {
			isa = XCBuildConfiguration;
			buildSettings = {
				BUNDLE_LOADER = "$(TEST_HOST)";
				CODE_SIGN_STYLE = Automatic;
				DEVELOPMENT_TEAM = 2822CJ3WHD;
				INFOPLIST_FILE = "unittest-sample-calculatorTests/Info.plist";
				LD_RUNPATH_SEARCH_PATHS = (
					"$(inherited)",
					"@executable_path/Frameworks",
					"@loader_path/Frameworks",
				);
				PRODUCT_BUNDLE_IDENTIFIER = "a1824jj.unittest-sample-calculatorTests";
				PRODUCT_NAME = "$(TARGET_NAME)";
				SWIFT_VERSION = 5.0;
				TARGETED_DEVICE_FAMILY = "1,2";
				TEST_HOST = "$(BUILT_PRODUCTS_DIR)/unittest-sample-calculator.app/unittest-sample-calculator";
			};
			name = Debug;
		};
		655E940E2435DCCB00FD9956 /* Release */ = {
			isa = XCBuildConfiguration;
			buildSettings = {
				BUNDLE_LOADER = "$(TEST_HOST)";
				CODE_SIGN_STYLE = Automatic;
				DEVELOPMENT_TEAM = 2822CJ3WHD;
				INFOPLIST_FILE = "unittest-sample-calculatorTests/Info.plist";
				LD_RUNPATH_SEARCH_PATHS = (
					"$(inherited)",
					"@executable_path/Frameworks",
					"@loader_path/Frameworks",
				);
				PRODUCT_BUNDLE_IDENTIFIER = "a1824jj.unittest-sample-calculatorTests";
				PRODUCT_NAME = "$(TARGET_NAME)";
				SWIFT_VERSION = 5.0;
				TARGETED_DEVICE_FAMILY = "1,2";
				TEST_HOST = "$(BUILT_PRODUCTS_DIR)/unittest-sample-calculator.app/unittest-sample-calculator";
			};
			name = Release;
		};
/* End XCBuildConfiguration section */

/* Begin XCConfigurationList section */
		655E93E52435DCA300FD9956 /* Build configuration list for PBXProject "unittest-sample-calculator" */ = {
			isa = XCConfigurationList;
			buildConfigurations = (
				655E93FC2435DCA400FD9956 /* Debug */,
				655E93FD2435DCA400FD9956 /* Release */,
			);
			defaultConfigurationIsVisible = 0;
			defaultConfigurationName = Release;
		};
		655E93FE2435DCA400FD9956 /* Build configuration list for PBXNativeTarget "unittest-sample-calculator" */ = {
			isa = XCConfigurationList;
			buildConfigurations = (
				655E93FF2435DCA400FD9956 /* Debug */,
				655E94002435DCA400FD9956 /* Release */,
			);
			defaultConfigurationIsVisible = 0;
			defaultConfigurationName = Release;
		};
		655E940C2435DCCB00FD9956 /* Build configuration list for PBXNativeTarget "unittest-sample-calculatorTests" */ = {
			isa = XCConfigurationList;
			buildConfigurations = (
				655E940D2435DCCB00FD9956 /* Debug */,
				655E940E2435DCCB00FD9956 /* Release */,
			);
			defaultConfigurationIsVisible = 0;
			defaultConfigurationName = Release;
		};
/* End XCConfigurationList section */
	};
	rootObject = 655E93E22435DCA300FD9956 /* Project object */;
}
